
Microsoft Visual Studio Solution File, Format Version 12.00
# Visual Studio Version 17
VisualStudioVersion = 17.7.34024.191
MinimumVisualStudioVersion = 10.0.40219.1
Project("{FAE04EC0-301F-11D3-BF4B-00C04F79EFBC}") = "Task_01", "Task_01\Task_01.csproj", "{4D9A61FC-ABE2-46C5-AB54-20EBDC8FE1E3}"
EndProject
Project("{FAE04EC0-301F-11D3-BF4B-00C04F79EFBC}") = "Task_02", "Task_02\Task_02.csproj", "{A6C3A7BF-6BF7-408D-8756-F2548C438EBA}"
EndProject
Project("{FAE04EC0-301F-11D3-BF4B-00C04F79EFBC}") = "Task_03", "Task_03\Task_03.csproj", "{DC847614-CCD7-4EA8-AE4E-96AB9F48E892}"
EndProject
Project("{FAE04EC0-301F-11D3-BF4B-00C04F79EFBC}") = "Task_04", "Task_04\Task_04.csproj", "{EE18492A-9E74-4B7A-B4B2-98C58F850033}"
EndProject
Project("{FAE04EC0-301F-11D3-BF4B-00C04F79EFBC}") = "Task_05", "Task_05\Task_05.csproj", "{86328942-1737-43E9-A171-C738C2B88F01}"
EndProject
Project("{FAE04EC0-301F-11D3-BF4B-00C04F79EFBC}") = "Task_06", "Task_06\Task_06.csproj", "{763C4E2A-214C-41D4-8EC0-9EFF0636FED0}"
EndProject
Project("{FAE04EC0-301F-11D3-BF4B-00C04F79EFBC}") = "Task_07", "Task_07\Task_07.csproj", "{7BBC2177-6CDC-47E3-914A-736316C0282F}"
EndProject
Project("{FAE04EC0-301F-11D3-BF4B-00C04F79EFBC}") = "Task_08", "Task_08\Task_08.csproj", "{4A97F05D-1147-4932-97C2-06F5EFB4BDF8}"
EndProject
Project("{FAE04EC0-301F-11D3-BF4B-00C04F79EFBC}") = "Task_09", "Task_09\Task_09.csproj", "{5474FE07-BBED-46A2-A906-A613D9CE5219}"
EndProject
Project("{FAE04EC0-301F-11D3-BF4B-00C04F79EFBC}") = "Task_10", "Task_10\Task_10.csproj", "{C928DAF9-4785-4AB1-966A-940F1F93E89F}"
EndProject
Project("{FAE04EC0-301F-11D3-BF4B-00C04F79EFBC}") = "Task_11", "Task_11\Task_11.csproj", "{F6C2B74A-8EFD-4676-9B1A-94C2D566FE5E}"
EndProject
Project("{FAE04EC0-301F-11D3-BF4B-00C04F79EFBC}") = "Task_12", "Task_12\Task_12.csproj", "{988BFEB1-B0E6-4E5A-A3C6-E2F5FE5266F7}"
EndProject
Project("{FAE04EC0-301F-11D3-BF4B-00C04F79EFBC}") = "Task_13", "Task_13\Task_13.csproj", "{335A22EC-1C0B-40BF-B81A-C5D93AF7AB2A}"
EndProject
Project("{FAE04EC0-301F-11D3-BF4B-00C04F79EFBC}") = "Task_14", "Task_14\Task_14.csproj", "{CA9598B8-75B6-4CC3-AF54-80563B485920}"
EndProject
Global
	GlobalSection(SolutionConfigurationPlatforms) = preSolution
		Debug|Any CPU = Debug|Any CPU
		Release|Any CPU = Release|Any CPU
	EndGlobalSection
	GlobalSection(ProjectConfigurationPlatforms) = postSolution
		{4D9A61FC-ABE2-46C5-AB54-20EBDC8FE1E3}.Debug|Any CPU.ActiveCfg = Debug|Any CPU
		{4D9A61FC-ABE2-46C5-AB54-20EBDC8FE1E3}.Debug|Any CPU.Build.0 = Debug|Any CPU
		{4D9A61FC-ABE2-46C5-AB54-20EBDC8FE1E3}.Release|Any CPU.ActiveCfg = Release|Any CPU
		{4D9A61FC-ABE2-46C5-AB54-20EBDC8FE1E3}.Release|Any CPU.Build.0 = Release|Any CPU
		{A6C3A7BF-6BF7-408D-8756-F2548C438EBA}.Debug|Any CPU.ActiveCfg = Debug|Any CPU
		{A6C3A7BF-6BF7-408D-8756-F2548C438EBA}.Debug|Any CPU.Build.0 = Debug|Any CPU
		{A6C3A7BF-6BF7-408D-8756-F2548C438EBA}.Release|Any CPU.ActiveCfg = Release|Any CPU
		{A6C3A7BF-6BF7-408D-8756-F2548C438EBA}.Release|Any CPU.Build.0 = Release|Any CPU
		{DC847614-CCD7-4EA8-AE4E-96AB9F48E892}.Debug|Any CPU.ActiveCfg = Debug|Any CPU
		{DC847614-CCD7-4EA8-AE4E-96AB9F48E892}.Debug|Any CPU.Build.0 = Debug|Any CPU
		{DC847614-CCD7-4EA8-AE4E-96AB9F48E892}.Release|Any CPU.ActiveCfg = Release|Any CPU
		{DC847614-CCD7-4EA8-AE4E-96AB9F48E892}.Release|Any CPU.Build.0 = Release|Any CPU
		{EE18492A-9E74-4B7A-B4B2-98C58F850033}.Debug|Any CPU.ActiveCfg = Debug|Any CPU
		{EE18492A-9E74-4B7A-B4B2-98C58F850033}.Debug|Any CPU.Build.0 = Debug|Any CPU
		{EE18492A-9E74-4B7A-B4B2-98C58F850033}.Release|Any CPU.ActiveCfg = Release|Any CPU
		{EE18492A-9E74-4B7A-B4B2-98C58F850033}.Release|Any CPU.Build.0 = Release|Any CPU
		{86328942-1737-43E9-A171-C738C2B88F01}.Debug|Any CPU.ActiveCfg = Debug|Any CPU
		{86328942-1737-43E9-A171-C738C2B88F01}.Debug|Any CPU.Build.0 = Debug|Any CPU
		{86328942-1737-43E9-A171-C738C2B88F01}.Release|Any CPU.ActiveCfg = Release|Any CPU
		{86328942-1737-43E9-A171-C738C2B88F01}.Release|Any CPU.Build.0 = Release|Any CPU
		{763C4E2A-214C-41D4-8EC0-9EFF0636FED0}.Debug|Any CPU.ActiveCfg = Debug|Any CPU
		{763C4E2A-214C-41D4-8EC0-9EFF0636FED0}.Debug|Any CPU.Build.0 = Debug|Any CPU
		{763C4E2A-214C-41D4-8EC0-9EFF0636FED0}.Release|Any CPU.ActiveCfg = Release|Any CPU
		{763C4E2A-214C-41D4-8EC0-9EFF0636FED0}.Release|Any CPU.Build.0 = Release|Any CPU
		{7BBC2177-6CDC-47E3-914A-736316C0282F}.Debug|Any CPU.ActiveCfg = Debug|Any CPU
		{7BBC2177-6CDC-47E3-914A-736316C0282F}.Debug|Any CPU.Build.0 = Debug|Any CPU
		{7BBC2177-6CDC-47E3-914A-736316C0282F}.Release|Any CPU.ActiveCfg = Release|Any CPU
		{7BBC2177-6CDC-47E3-914A-736316C0282F}.Release|Any CPU.Build.0 = Release|Any CPU
		{4A97F05D-1147-4932-97C2-06F5EFB4BDF8}.Debug|Any CPU.ActiveCfg = Debug|Any CPU
		{4A97F05D-1147-4932-97C2-06F5EFB4BDF8}.Debug|Any CPU.Build.0 = Debug|Any CPU
		{4A97F05D-1147-4932-97C2-06F5EFB4BDF8}.Release|Any CPU.ActiveCfg = Release|Any CPU
		{4A97F05D-1147-4932-97C2-06F5EFB4BDF8}.Release|Any CPU.Build.0 = Release|Any CPU
		{5474FE07-BBED-46A2-A906-A613D9CE5219}.Debug|Any CPU.ActiveCfg = Debug|Any CPU
		{5474FE07-BBED-46A2-A906-A613D9CE5219}.Debug|Any CPU.Build.0 = Debug|Any CPU
		{5474FE07-BBED-46A2-A906-A613D9CE5219}.Release|Any CPU.ActiveCfg = Release|Any CPU
		{5474FE07-BBED-46A2-A906-A613D9CE5219}.Release|Any CPU.Build.0 = Release|Any CPU
		{C928DAF9-4785-4AB1-966A-940F1F93E89F}.Debug|Any CPU.ActiveCfg = Debug|Any CPU
		{C928DAF9-4785-4AB1-966A-940F1F93E89F}.Debug|Any CPU.Build.0 = Debug|Any CPU
		{C928DAF9-4785-4AB1-966A-940F1F93E89F}.Release|Any CPU.ActiveCfg = Release|Any CPU
		{C928DAF9-4785-4AB1-966A-940F1F93E89F}.Release|Any CPU.Build.0 = Release|Any CPU
		{F6C2B74A-8EFD-4676-9B1A-94C2D566FE5E}.Debug|Any CPU.ActiveCfg = Debug|Any CPU
		{F6C2B74A-8EFD-4676-9B1A-94C2D566FE5E}.Debug|Any CPU.Build.0 = Debug|Any CPU
		{F6C2B74A-8EFD-4676-9B1A-94C2D566FE5E}.Release|Any CPU.ActiveCfg = Release|Any CPU
		{F6C2B74A-8EFD-4676-9B1A-94C2D566FE5E}.Release|Any CPU.Build.0 = Release|Any CPU
		{988BFEB1-B0E6-4E5A-A3C6-E2F5FE5266F7}.Debug|Any CPU.ActiveCfg = Debug|Any CPU
		{988BFEB1-B0E6-4E5A-A3C6-E2F5FE5266F7}.Debug|Any CPU.Build.0 = Debug|Any CPU
		{988BFEB1-B0E6-4E5A-A3C6-E2F5FE5266F7}.Release|Any CPU.ActiveCfg = Release|Any CPU
		{988BFEB1-B0E6-4E5A-A3C6-E2F5FE5266F7}.Release|Any CPU.Build.0 = Release|Any CPU
		{335A22EC-1C0B-40BF-B81A-C5D93AF7AB2A}.Debug|Any CPU.ActiveCfg = Debug|Any CPU
		{335A22EC-1C0B-40BF-B81A-C5D93AF7AB2A}.Debug|Any CPU.Build.0 = Debug|Any CPU
		{335A22EC-1C0B-40BF-B81A-C5D93AF7AB2A}.Release|Any CPU.ActiveCfg = Release|Any CPU
		{335A22EC-1C0B-40BF-B81A-C5D93AF7AB2A}.Release|Any CPU.Build.0 = Release|Any CPU
		{CA9598B8-75B6-4CC3-AF54-80563B485920}.Debug|Any CPU.ActiveCfg = Debug|Any CPU
		{CA9598B8-75B6-4CC3-AF54-80563B485920}.Debug|Any CPU.Build.0 = Debug|Any CPU
		{CA9598B8-75B6-4CC3-AF54-80563B485920}.Release|Any CPU.ActiveCfg = Release|Any CPU
		{CA9598B8-75B6-4CC3-AF54-80563B485920}.Release|Any CPU.Build.0 = Release|Any CPU
	EndGlobalSection
	GlobalSection(SolutionProperties) = preSolution
		HideSolutionNode = FALSE
	EndGlobalSection
	GlobalSection(ExtensibilityGlobals) = postSolution
		SolutionGuid = {71E329A7-46AA-4E02-845E-A7693E2D2A82}
	EndGlobalSection
EndGlobal
